
Microsoft Visual Studio Solution File, Format Version 12.00
# Visual Studio Version 17
VisualStudioVersion = 17.4.33110.190
MinimumVisualStudioVersion = 10.0.40219.1
Project("{9A19103F-16F7-4668-BE54-9A1E7A4F7556}") = "6-Solution", "6-Solution\6-Solution.csproj", "{B4F1E9BA-79DE-43C1-AD6F-F052321683D1}"
EndProject
Project("{9A19103F-16F7-4668-BE54-9A1E7A4F7556}") = "LeetCode-7", "LeetCode-7\LeetCode-7.csproj", "{B5DED05C-7F53-4418-9939-C7EF8C393DBF}"
EndProject
Project("{9A19103F-16F7-4668-BE54-9A1E7A4F7556}") = "LeetCode-8", "LeetCode-8\LeetCode-8.csproj", "{11273B62-52B9-464E-AA07-6A52C289397C}"
EndProject
Project("{9A19103F-16F7-4668-BE54-9A1E7A4F7556}") = "LeetCode-9", "LeetCode-9\LeetCode-9.csproj", "{7CC3B455-8C33-46EE-B566-B199121BA8CC}"
EndProject
Project("{2150E333-8FDC-42A3-9474-1A3956D46DE8}") = "Test", "Test", "{889D9B21-FCBC-4D79-95A0-ACC60AB52CC2}"
EndProject
Project("{9A19103F-16F7-4668-BE54-9A1E7A4F7556}") = "LeetCode-9-Test", "LeetCode-9-Test\LeetCode-9-Test.csproj", "{58980CE0-B51A-4CC5-8E64-A5F7794A229F}"
EndProject
Project("{9A19103F-16F7-4668-BE54-9A1E7A4F7556}") = "LeetCode-10", "LeetCode-10\LeetCode-10.csproj", "{2B573C76-8289-47C3-B10E-AA75DECC03B8}"
EndProject
Project("{9A19103F-16F7-4668-BE54-9A1E7A4F7556}") = "LeetCode-10-Test", "LeetCode-10-Test\LeetCode-10-Test.csproj", "{00FE087C-3D4C-483E-B68C-556CD1D2CD81}"
EndProject
Project("{9A19103F-16F7-4668-BE54-9A1E7A4F7556}") = "LeetCode-11", "LeetCode-11\LeetCode-11.csproj", "{54B04D9F-9929-4031-9CD5-B9CB6E8C57F0}"
EndProject
Project("{9A19103F-16F7-4668-BE54-9A1E7A4F7556}") = "LeetCode-11-Test", "LeetCode-11-Test\LeetCode-11-Test.csproj", "{E7726BC5-D552-4B42-9D14-A365E523370D}"
EndProject
Project("{9A19103F-16F7-4668-BE54-9A1E7A4F7556}") = "LeetCode-12", "LeetCode-12\LeetCode-12.csproj", "{0379B77F-D467-458F-B982-4A36521A1362}"
EndProject
Project("{9A19103F-16F7-4668-BE54-9A1E7A4F7556}") = "LeetCode-13", "LeetCode-13\LeetCode-13.csproj", "{8FDCDADE-C75C-4F2A-8296-2A49389BFF0C}"
EndProject
Project("{9A19103F-16F7-4668-BE54-9A1E7A4F7556}") = "LeetCode-13-Test", "LeetCode-13-Test\LeetCode-13-Test.csproj", "{A3F2E4AA-121D-42AD-BFA3-6E2B26717C9C}"
EndProject
Project("{9A19103F-16F7-4668-BE54-9A1E7A4F7556}") = "LeetCode-14", "LeetCode-14\LeetCode-14.csproj", "{EF63A89E-0083-47C9-84EB-53B093DC4BDC}"
EndProject
Project("{9A19103F-16F7-4668-BE54-9A1E7A4F7556}") = "LeetCode-14-Test", "LeetCode-14-Test\LeetCode-14-Test.csproj", "{F716AC36-4C24-4966-B43E-78B7C9B5F0B1}"
EndProject
Project("{9A19103F-16F7-4668-BE54-9A1E7A4F7556}") = "LeetCode-15", "LeetCode-15\LeetCode-15.csproj", "{D95DD360-DC93-4FAA-A86C-4E79BAC6626D}"
EndProject
Project("{9A19103F-16F7-4668-BE54-9A1E7A4F7556}") = "LeetCode-15-Test", "LeetCode-15-Test\LeetCode-15-Test.csproj", "{FCFC2A52-8111-45BF-9BB4-6C960D7353EF}"
EndProject
Project("{FAE04EC0-301F-11D3-BF4B-00C04F79EFBC}") = "LeetCode-16", "LeetCode-16\LeetCode-16.csproj", "{9BAB6EC3-D419-4631-9D13-AF9357D6B668}"
EndProject
Project("{9A19103F-16F7-4668-BE54-9A1E7A4F7556}") = "LeetCode-16-Test", "LeetCode-16-Test\LeetCode-16-Test.csproj", "{A9C1D764-019E-4B53-B3C9-459BCAE98E94}"
EndProject
Project("{9A19103F-16F7-4668-BE54-9A1E7A4F7556}") = "LeetCode-17", "LeetCode-17\LeetCode-17.csproj", "{35F5EB97-D2E2-41A5-BF05-7B90B61824E2}"
EndProject
Project("{9A19103F-16F7-4668-BE54-9A1E7A4F7556}") = "LeetCode-17-Test", "LeetCode-17-Test\LeetCode-17-Test.csproj", "{E56C3918-F067-48E1-91F5-6B0B993577A3}"
EndProject
Project("{9A19103F-16F7-4668-BE54-9A1E7A4F7556}") = "LeetCode-18", "LeetCode-18\LeetCode-18.csproj", "{93B65CF3-BE7A-4BE0-A83E-13EBAC13F42F}"
EndProject
Project("{9A19103F-16F7-4668-BE54-9A1E7A4F7556}") = "LeetCode-18-Test", "LeetCode-18-Test\LeetCode-18-Test.csproj", "{72506341-CF82-4FE6-A1F7-58E619FA04B5}"
EndProject
Project("{9A19103F-16F7-4668-BE54-9A1E7A4F7556}") = "LeetCode-19", "LeetCode-19\LeetCode-19.csproj", "{13989977-1852-497A-9203-A7003D13975A}"
EndProject
Project("{9A19103F-16F7-4668-BE54-9A1E7A4F7556}") = "LeetCode-19-Test", "LeetCode-19-Test\LeetCode-19-Test.csproj", "{90F17470-1951-462E-9889-ADB5B7649AD9}"
EndProject
Project("{9A19103F-16F7-4668-BE54-9A1E7A4F7556}") = "LeetCode-20", "LeetCode-20\LeetCode-20.csproj", "{5C74CBF9-22E8-490E-BA20-248B8E229862}"
EndProject
Project("{9A19103F-16F7-4668-BE54-9A1E7A4F7556}") = "20.LeetCode-Test", "20.LeetCode-Test\20.LeetCode-Test.csproj", "{968A2A62-B6A5-4501-ACF2-A1C12166BA0C}"
EndProject
Project("{9A19103F-16F7-4668-BE54-9A1E7A4F7556}") = "LeetCode-21", "LeetCode-21\LeetCode-21.csproj", "{CD88506F-AFD0-4B07-B418-695DAF80DFF9}"
EndProject
Project("{9A19103F-16F7-4668-BE54-9A1E7A4F7556}") = "21.LeetCode-Test", "21.LeetCode-Test\21.LeetCode-Test.csproj", "{901FA8FA-1E80-477A-A52A-F202F8979FD1}"
EndProject
Project("{9A19103F-16F7-4668-BE54-9A1E7A4F7556}") = "LeetCode-22", "LeetCode-22\LeetCode-22.csproj", "{F1274C4A-C7D9-43CB-ACF3-78F5F17688F8}"
EndProject
Project("{9A19103F-16F7-4668-BE54-9A1E7A4F7556}") = "22.LeetCode-Test", "22.LeetCode-Test\22.LeetCode-Test.csproj", "{9C6E9766-71B2-4131-AFB1-FED2DB04125F}"
EndProject
Project("{9A19103F-16F7-4668-BE54-9A1E7A4F7556}") = "LeetCode-23", "LeetCode-23\LeetCode-23.csproj", "{B0CB1177-B90B-4C2E-ACCD-35C19AD27863}"
EndProject
Project("{9A19103F-16F7-4668-BE54-9A1E7A4F7556}") = "23.LeetCode-Test", "23.LeetCode-Test\23.LeetCode-Test.csproj", "{FD5C471E-1B23-43FE-8596-7EE05371C492}"
EndProject
Project("{9A19103F-16F7-4668-BE54-9A1E7A4F7556}") = "LeetCode-25", "LeetCode-25\LeetCode-25.csproj", "{67900D5C-ABCE-491D-932D-5F66FB90E0FD}"
EndProject
Project("{9A19103F-16F7-4668-BE54-9A1E7A4F7556}") = "25.LeetCode-Test", "25.LeetCode-Test\25.LeetCode-Test.csproj", "{82903ADD-62FD-46EB-8790-43B59F3C6E93}"
EndProject
Project("{9A19103F-16F7-4668-BE54-9A1E7A4F7556}") = "leetCode-26", "leetCode-26\leetCode-26.csproj", "{FD7A236D-BA18-42DB-9E86-B46033A8164A}"
EndProject
Project("{9A19103F-16F7-4668-BE54-9A1E7A4F7556}") = "26.LeetCode-Test", "26.LeetCode-Test\26.LeetCode-Test.csproj", "{A995C034-E6FC-4C01-ABA6-4EF664333E38}"
EndProject
Project("{9A19103F-16F7-4668-BE54-9A1E7A4F7556}") = "LeetCode-27", "LeetCode-27\LeetCode-27.csproj", "{6AF55D86-2F71-415D-BBE4-CBCBB4B9F608}"
EndProject
Project("{9A19103F-16F7-4668-BE54-9A1E7A4F7556}") = "27.LeetCode-Test", "27.LeetCode-Test\27.LeetCode-Test.csproj", "{FD751F95-F592-49D1-8DC9-A09CA8C35FBF}"
EndProject
Project("{9A19103F-16F7-4668-BE54-9A1E7A4F7556}") = "LeetCode-28", "LeetCode-28\LeetCode-28.csproj", "{8C4BC02D-F102-41F9-9C30-C9E00C44AA1D}"
EndProject
Project("{9A19103F-16F7-4668-BE54-9A1E7A4F7556}") = "28.LeetCode-Test", "28.LeetCode-Test\28.LeetCode-Test.csproj", "{6FD2EBCF-8076-4370-A1BD-398509E528D0}"
EndProject
Project("{9A19103F-16F7-4668-BE54-9A1E7A4F7556}") = "LeetCode-29", "LeetCode-29\LeetCode-29.csproj", "{33351FDE-982B-45D6-863B-35E90EA8EA7B}"
EndProject
Project("{9A19103F-16F7-4668-BE54-9A1E7A4F7556}") = "29.LeetCode-Test", "29.LeetCode-Test\29.LeetCode-Test.csproj", "{8276CA16-FFD8-4450-9719-FAE8EBEE4DEE}"
EndProject
Project("{9A19103F-16F7-4668-BE54-9A1E7A4F7556}") = "LeetCode-30", "LeetCode-30\LeetCode-30.csproj", "{778DD966-B705-4EBF-B00E-B8DAC480DA04}"
EndProject
Project("{9A19103F-16F7-4668-BE54-9A1E7A4F7556}") = "30.LeetCode-Test", "30.LeetCode-Test\30.LeetCode-Test.csproj", "{184667CD-5E84-497E-92B0-4C30D1D2AD3A}"
EndProject
Project("{9A19103F-16F7-4668-BE54-9A1E7A4F7556}") = "LeetCode-31", "LeetCode-31\LeetCode-31.csproj", "{98336144-154D-4ECC-85C0-3776468368E5}"
EndProject
Project("{9A19103F-16F7-4668-BE54-9A1E7A4F7556}") = "31.LeetCode-Test", "31.LeetCode-Test\31.LeetCode-Test.csproj", "{DFE4BF64-9E83-4087-9AD9-0AB74DFFC67A}"
EndProject
Project("{FAE04EC0-301F-11D3-BF4B-00C04F79EFBC}") = "LeetCode-32", "LeetCode-32\LeetCode-32.csproj", "{68DC6222-7348-41FD-A29D-84AAAD2F361B}"
EndProject
Project("{FAE04EC0-301F-11D3-BF4B-00C04F79EFBC}") = "32.LeetCode-Test", "32.LeetCode-Test\32.LeetCode-Test.csproj", "{D36A692A-B406-4776-9199-CEC92C5A8625}"
EndProject
Global
	GlobalSection(SolutionConfigurationPlatforms) = preSolution
		Debug|Any CPU = Debug|Any CPU
		Release|Any CPU = Release|Any CPU
	EndGlobalSection
	GlobalSection(ProjectConfigurationPlatforms) = postSolution
		{B4F1E9BA-79DE-43C1-AD6F-F052321683D1}.Debug|Any CPU.ActiveCfg = Debug|Any CPU
		{B4F1E9BA-79DE-43C1-AD6F-F052321683D1}.Debug|Any CPU.Build.0 = Debug|Any CPU
		{B4F1E9BA-79DE-43C1-AD6F-F052321683D1}.Release|Any CPU.ActiveCfg = Release|Any CPU
		{B4F1E9BA-79DE-43C1-AD6F-F052321683D1}.Release|Any CPU.Build.0 = Release|Any CPU
		{B5DED05C-7F53-4418-9939-C7EF8C393DBF}.Debug|Any CPU.ActiveCfg = Debug|Any CPU
		{B5DED05C-7F53-4418-9939-C7EF8C393DBF}.Debug|Any CPU.Build.0 = Debug|Any CPU
		{B5DED05C-7F53-4418-9939-C7EF8C393DBF}.Release|Any CPU.ActiveCfg = Release|Any CPU
		{B5DED05C-7F53-4418-9939-C7EF8C393DBF}.Release|Any CPU.Build.0 = Release|Any CPU
		{11273B62-52B9-464E-AA07-6A52C289397C}.Debug|Any CPU.ActiveCfg = Debug|Any CPU
		{11273B62-52B9-464E-AA07-6A52C289397C}.Debug|Any CPU.Build.0 = Debug|Any CPU
		{11273B62-52B9-464E-AA07-6A52C289397C}.Release|Any CPU.ActiveCfg = Release|Any CPU
		{11273B62-52B9-464E-AA07-6A52C289397C}.Release|Any CPU.Build.0 = Release|Any CPU
		{7CC3B455-8C33-46EE-B566-B199121BA8CC}.Debug|Any CPU.ActiveCfg = Debug|Any CPU
		{7CC3B455-8C33-46EE-B566-B199121BA8CC}.Debug|Any CPU.Build.0 = Debug|Any CPU
		{7CC3B455-8C33-46EE-B566-B199121BA8CC}.Release|Any CPU.ActiveCfg = Release|Any CPU
		{7CC3B455-8C33-46EE-B566-B199121BA8CC}.Release|Any CPU.Build.0 = Release|Any CPU
		{58980CE0-B51A-4CC5-8E64-A5F7794A229F}.Debug|Any CPU.ActiveCfg = Debug|Any CPU
		{58980CE0-B51A-4CC5-8E64-A5F7794A229F}.Debug|Any CPU.Build.0 = Debug|Any CPU
		{58980CE0-B51A-4CC5-8E64-A5F7794A229F}.Release|Any CPU.ActiveCfg = Release|Any CPU
		{58980CE0-B51A-4CC5-8E64-A5F7794A229F}.Release|Any CPU.Build.0 = Release|Any CPU
		{2B573C76-8289-47C3-B10E-AA75DECC03B8}.Debug|Any CPU.ActiveCfg = Debug|Any CPU
		{2B573C76-8289-47C3-B10E-AA75DECC03B8}.Debug|Any CPU.Build.0 = Debug|Any CPU
		{2B573C76-8289-47C3-B10E-AA75DECC03B8}.Release|Any CPU.ActiveCfg = Release|Any CPU
		{2B573C76-8289-47C3-B10E-AA75DECC03B8}.Release|Any CPU.Build.0 = Release|Any CPU
		{00FE087C-3D4C-483E-B68C-556CD1D2CD81}.Debug|Any CPU.ActiveCfg = Debug|Any CPU
		{00FE087C-3D4C-483E-B68C-556CD1D2CD81}.Debug|Any CPU.Build.0 = Debug|Any CPU
		{00FE087C-3D4C-483E-B68C-556CD1D2CD81}.Release|Any CPU.ActiveCfg = Release|Any CPU
		{00FE087C-3D4C-483E-B68C-556CD1D2CD81}.Release|Any CPU.Build.0 = Release|Any CPU
		{54B04D9F-9929-4031-9CD5-B9CB6E8C57F0}.Debug|Any CPU.ActiveCfg = Debug|Any CPU
		{54B04D9F-9929-4031-9CD5-B9CB6E8C57F0}.Debug|Any CPU.Build.0 = Debug|Any CPU
		{54B04D9F-9929-4031-9CD5-B9CB6E8C57F0}.Release|Any CPU.ActiveCfg = Release|Any CPU
		{54B04D9F-9929-4031-9CD5-B9CB6E8C57F0}.Release|Any CPU.Build.0 = Release|Any CPU
		{E7726BC5-D552-4B42-9D14-A365E523370D}.Debug|Any CPU.ActiveCfg = Debug|Any CPU
		{E7726BC5-D552-4B42-9D14-A365E523370D}.Debug|Any CPU.Build.0 = Debug|Any CPU
		{E7726BC5-D552-4B42-9D14-A365E523370D}.Release|Any CPU.ActiveCfg = Release|Any CPU
		{E7726BC5-D552-4B42-9D14-A365E523370D}.Release|Any CPU.Build.0 = Release|Any CPU
		{0379B77F-D467-458F-B982-4A36521A1362}.Debug|Any CPU.ActiveCfg = Debug|Any CPU
		{0379B77F-D467-458F-B982-4A36521A1362}.Debug|Any CPU.Build.0 = Debug|Any CPU
		{0379B77F-D467-458F-B982-4A36521A1362}.Release|Any CPU.ActiveCfg = Release|Any CPU
		{0379B77F-D467-458F-B982-4A36521A1362}.Release|Any CPU.Build.0 = Release|Any CPU
		{8FDCDADE-C75C-4F2A-8296-2A49389BFF0C}.Debug|Any CPU.ActiveCfg = Debug|Any CPU
		{8FDCDADE-C75C-4F2A-8296-2A49389BFF0C}.Debug|Any CPU.Build.0 = Debug|Any CPU
		{8FDCDADE-C75C-4F2A-8296-2A49389BFF0C}.Release|Any CPU.ActiveCfg = Release|Any CPU
		{8FDCDADE-C75C-4F2A-8296-2A49389BFF0C}.Release|Any CPU.Build.0 = Release|Any CPU
		{A3F2E4AA-121D-42AD-BFA3-6E2B26717C9C}.Debug|Any CPU.ActiveCfg = Debug|Any CPU
		{A3F2E4AA-121D-42AD-BFA3-6E2B26717C9C}.Debug|Any CPU.Build.0 = Debug|Any CPU
		{A3F2E4AA-121D-42AD-BFA3-6E2B26717C9C}.Release|Any CPU.ActiveCfg = Release|Any CPU
		{A3F2E4AA-121D-42AD-BFA3-6E2B26717C9C}.Release|Any CPU.Build.0 = Release|Any CPU
		{EF63A89E-0083-47C9-84EB-53B093DC4BDC}.Debug|Any CPU.ActiveCfg = Debug|Any CPU
		{EF63A89E-0083-47C9-84EB-53B093DC4BDC}.Debug|Any CPU.Build.0 = Debug|Any CPU
		{EF63A89E-0083-47C9-84EB-53B093DC4BDC}.Release|Any CPU.ActiveCfg = Release|Any CPU
		{EF63A89E-0083-47C9-84EB-53B093DC4BDC}.Release|Any CPU.Build.0 = Release|Any CPU
		{F716AC36-4C24-4966-B43E-78B7C9B5F0B1}.Debug|Any CPU.ActiveCfg = Debug|Any CPU
		{F716AC36-4C24-4966-B43E-78B7C9B5F0B1}.Debug|Any CPU.Build.0 = Debug|Any CPU
		{F716AC36-4C24-4966-B43E-78B7C9B5F0B1}.Release|Any CPU.ActiveCfg = Release|Any CPU
		{F716AC36-4C24-4966-B43E-78B7C9B5F0B1}.Release|Any CPU.Build.0 = Release|Any CPU
		{D95DD360-DC93-4FAA-A86C-4E79BAC6626D}.Debug|Any CPU.ActiveCfg = Debug|Any CPU
		{D95DD360-DC93-4FAA-A86C-4E79BAC6626D}.Debug|Any CPU.Build.0 = Debug|Any CPU
		{D95DD360-DC93-4FAA-A86C-4E79BAC6626D}.Release|Any CPU.ActiveCfg = Release|Any CPU
		{D95DD360-DC93-4FAA-A86C-4E79BAC6626D}.Release|Any CPU.Build.0 = Release|Any CPU
		{FCFC2A52-8111-45BF-9BB4-6C960D7353EF}.Debug|Any CPU.ActiveCfg = Debug|Any CPU
		{FCFC2A52-8111-45BF-9BB4-6C960D7353EF}.Debug|Any CPU.Build.0 = Debug|Any CPU
		{FCFC2A52-8111-45BF-9BB4-6C960D7353EF}.Release|Any CPU.ActiveCfg = Release|Any CPU
		{FCFC2A52-8111-45BF-9BB4-6C960D7353EF}.Release|Any CPU.Build.0 = Release|Any CPU
		{9BAB6EC3-D419-4631-9D13-AF9357D6B668}.Debug|Any CPU.ActiveCfg = Debug|Any CPU
		{9BAB6EC3-D419-4631-9D13-AF9357D6B668}.Debug|Any CPU.Build.0 = Debug|Any CPU
		{9BAB6EC3-D419-4631-9D13-AF9357D6B668}.Release|Any CPU.ActiveCfg = Release|Any CPU
		{9BAB6EC3-D419-4631-9D13-AF9357D6B668}.Release|Any CPU.Build.0 = Release|Any CPU
		{A9C1D764-019E-4B53-B3C9-459BCAE98E94}.Debug|Any CPU.ActiveCfg = Debug|Any CPU
		{A9C1D764-019E-4B53-B3C9-459BCAE98E94}.Debug|Any CPU.Build.0 = Debug|Any CPU
		{A9C1D764-019E-4B53-B3C9-459BCAE98E94}.Release|Any CPU.ActiveCfg = Release|Any CPU
		{A9C1D764-019E-4B53-B3C9-459BCAE98E94}.Release|Any CPU.Build.0 = Release|Any CPU
		{35F5EB97-D2E2-41A5-BF05-7B90B61824E2}.Debug|Any CPU.ActiveCfg = Debug|Any CPU
		{35F5EB97-D2E2-41A5-BF05-7B90B61824E2}.Debug|Any CPU.Build.0 = Debug|Any CPU
		{35F5EB97-D2E2-41A5-BF05-7B90B61824E2}.Release|Any CPU.ActiveCfg = Release|Any CPU
		{35F5EB97-D2E2-41A5-BF05-7B90B61824E2}.Release|Any CPU.Build.0 = Release|Any CPU
		{E56C3918-F067-48E1-91F5-6B0B993577A3}.Debug|Any CPU.ActiveCfg = Debug|Any CPU
		{E56C3918-F067-48E1-91F5-6B0B993577A3}.Debug|Any CPU.Build.0 = Debug|Any CPU
		{E56C3918-F067-48E1-91F5-6B0B993577A3}.Release|Any CPU.ActiveCfg = Release|Any CPU
		{E56C3918-F067-48E1-91F5-6B0B993577A3}.Release|Any CPU.Build.0 = Release|Any CPU
		{93B65CF3-BE7A-4BE0-A83E-13EBAC13F42F}.Debug|Any CPU.ActiveCfg = Debug|Any CPU
		{93B65CF3-BE7A-4BE0-A83E-13EBAC13F42F}.Debug|Any CPU.Build.0 = Debug|Any CPU
		{93B65CF3-BE7A-4BE0-A83E-13EBAC13F42F}.Release|Any CPU.ActiveCfg = Release|Any CPU
		{93B65CF3-BE7A-4BE0-A83E-13EBAC13F42F}.Release|Any CPU.Build.0 = Release|Any CPU
		{72506341-CF82-4FE6-A1F7-58E619FA04B5}.Debug|Any CPU.ActiveCfg = Debug|Any CPU
		{72506341-CF82-4FE6-A1F7-58E619FA04B5}.Debug|Any CPU.Build.0 = Debug|Any CPU
		{72506341-CF82-4FE6-A1F7-58E619FA04B5}.Release|Any CPU.ActiveCfg = Release|Any CPU
		{72506341-CF82-4FE6-A1F7-58E619FA04B5}.Release|Any CPU.Build.0 = Release|Any CPU
		{13989977-1852-497A-9203-A7003D13975A}.Debug|Any CPU.ActiveCfg = Debug|Any CPU
		{13989977-1852-497A-9203-A7003D13975A}.Debug|Any CPU.Build.0 = Debug|Any CPU
		{13989977-1852-497A-9203-A7003D13975A}.Release|Any CPU.ActiveCfg = Release|Any CPU
		{13989977-1852-497A-9203-A7003D13975A}.Release|Any CPU.Build.0 = Release|Any CPU
		{90F17470-1951-462E-9889-ADB5B7649AD9}.Debug|Any CPU.ActiveCfg = Debug|Any CPU
		{90F17470-1951-462E-9889-ADB5B7649AD9}.Debug|Any CPU.Build.0 = Debug|Any CPU
		{90F17470-1951-462E-9889-ADB5B7649AD9}.Release|Any CPU.ActiveCfg = Release|Any CPU
		{90F17470-1951-462E-9889-ADB5B7649AD9}.Release|Any CPU.Build.0 = Release|Any CPU
		{5C74CBF9-22E8-490E-BA20-248B8E229862}.Debug|Any CPU.ActiveCfg = Debug|Any CPU
		{5C74CBF9-22E8-490E-BA20-248B8E229862}.Debug|Any CPU.Build.0 = Debug|Any CPU
		{5C74CBF9-22E8-490E-BA20-248B8E229862}.Release|Any CPU.ActiveCfg = Release|Any CPU
		{5C74CBF9-22E8-490E-BA20-248B8E229862}.Release|Any CPU.Build.0 = Release|Any CPU
		{968A2A62-B6A5-4501-ACF2-A1C12166BA0C}.Debug|Any CPU.ActiveCfg = Debug|Any CPU
		{968A2A62-B6A5-4501-ACF2-A1C12166BA0C}.Debug|Any CPU.Build.0 = Debug|Any CPU
		{968A2A62-B6A5-4501-ACF2-A1C12166BA0C}.Release|Any CPU.ActiveCfg = Release|Any CPU
		{968A2A62-B6A5-4501-ACF2-A1C12166BA0C}.Release|Any CPU.Build.0 = Release|Any CPU
		{CD88506F-AFD0-4B07-B418-695DAF80DFF9}.Debug|Any CPU.ActiveCfg = Debug|Any CPU
		{CD88506F-AFD0-4B07-B418-695DAF80DFF9}.Debug|Any CPU.Build.0 = Debug|Any CPU
		{CD88506F-AFD0-4B07-B418-695DAF80DFF9}.Release|Any CPU.ActiveCfg = Release|Any CPU
		{CD88506F-AFD0-4B07-B418-695DAF80DFF9}.Release|Any CPU.Build.0 = Release|Any CPU
		{901FA8FA-1E80-477A-A52A-F202F8979FD1}.Debug|Any CPU.ActiveCfg = Debug|Any CPU
		{901FA8FA-1E80-477A-A52A-F202F8979FD1}.Debug|Any CPU.Build.0 = Debug|Any CPU
		{901FA8FA-1E80-477A-A52A-F202F8979FD1}.Release|Any CPU.ActiveCfg = Release|Any CPU
		{901FA8FA-1E80-477A-A52A-F202F8979FD1}.Release|Any CPU.Build.0 = Release|Any CPU
		{F1274C4A-C7D9-43CB-ACF3-78F5F17688F8}.Debug|Any CPU.ActiveCfg = Debug|Any CPU
		{F1274C4A-C7D9-43CB-ACF3-78F5F17688F8}.Debug|Any CPU.Build.0 = Debug|Any CPU
		{F1274C4A-C7D9-43CB-ACF3-78F5F17688F8}.Release|Any CPU.ActiveCfg = Release|Any CPU
		{F1274C4A-C7D9-43CB-ACF3-78F5F17688F8}.Release|Any CPU.Build.0 = Release|Any CPU
		{9C6E9766-71B2-4131-AFB1-FED2DB04125F}.Debug|Any CPU.ActiveCfg = Debug|Any CPU
		{9C6E9766-71B2-4131-AFB1-FED2DB04125F}.Debug|Any CPU.Build.0 = Debug|Any CPU
		{9C6E9766-71B2-4131-AFB1-FED2DB04125F}.Release|Any CPU.ActiveCfg = Release|Any CPU
		{9C6E9766-71B2-4131-AFB1-FED2DB04125F}.Release|Any CPU.Build.0 = Release|Any CPU
		{B0CB1177-B90B-4C2E-ACCD-35C19AD27863}.Debug|Any CPU.ActiveCfg = Debug|Any CPU
		{B0CB1177-B90B-4C2E-ACCD-35C19AD27863}.Debug|Any CPU.Build.0 = Debug|Any CPU
		{B0CB1177-B90B-4C2E-ACCD-35C19AD27863}.Release|Any CPU.ActiveCfg = Release|Any CPU
		{B0CB1177-B90B-4C2E-ACCD-35C19AD27863}.Release|Any CPU.Build.0 = Release|Any CPU
		{FD5C471E-1B23-43FE-8596-7EE05371C492}.Debug|Any CPU.ActiveCfg = Debug|Any CPU
		{FD5C471E-1B23-43FE-8596-7EE05371C492}.Debug|Any CPU.Build.0 = Debug|Any CPU
		{FD5C471E-1B23-43FE-8596-7EE05371C492}.Release|Any CPU.ActiveCfg = Release|Any CPU
		{FD5C471E-1B23-43FE-8596-7EE05371C492}.Release|Any CPU.Build.0 = Release|Any CPU
		{67900D5C-ABCE-491D-932D-5F66FB90E0FD}.Debug|Any CPU.ActiveCfg = Debug|Any CPU
		{67900D5C-ABCE-491D-932D-5F66FB90E0FD}.Debug|Any CPU.Build.0 = Debug|Any CPU
		{67900D5C-ABCE-491D-932D-5F66FB90E0FD}.Release|Any CPU.ActiveCfg = Release|Any CPU
		{67900D5C-ABCE-491D-932D-5F66FB90E0FD}.Release|Any CPU.Build.0 = Release|Any CPU
		{82903ADD-62FD-46EB-8790-43B59F3C6E93}.Debug|Any CPU.ActiveCfg = Debug|Any CPU
		{82903ADD-62FD-46EB-8790-43B59F3C6E93}.Debug|Any CPU.Build.0 = Debug|Any CPU
		{82903ADD-62FD-46EB-8790-43B59F3C6E93}.Release|Any CPU.ActiveCfg = Release|Any CPU
		{82903ADD-62FD-46EB-8790-43B59F3C6E93}.Release|Any CPU.Build.0 = Release|Any CPU
		{FD7A236D-BA18-42DB-9E86-B46033A8164A}.Debug|Any CPU.ActiveCfg = Debug|Any CPU
		{FD7A236D-BA18-42DB-9E86-B46033A8164A}.Debug|Any CPU.Build.0 = Debug|Any CPU
		{FD7A236D-BA18-42DB-9E86-B46033A8164A}.Release|Any CPU.ActiveCfg = Release|Any CPU
		{FD7A236D-BA18-42DB-9E86-B46033A8164A}.Release|Any CPU.Build.0 = Release|Any CPU
		{A995C034-E6FC-4C01-ABA6-4EF664333E38}.Debug|Any CPU.ActiveCfg = Debug|Any CPU
		{A995C034-E6FC-4C01-ABA6-4EF664333E38}.Debug|Any CPU.Build.0 = Debug|Any CPU
		{A995C034-E6FC-4C01-ABA6-4EF664333E38}.Release|Any CPU.ActiveCfg = Release|Any CPU
		{A995C034-E6FC-4C01-ABA6-4EF664333E38}.Release|Any CPU.Build.0 = Release|Any CPU
		{6AF55D86-2F71-415D-BBE4-CBCBB4B9F608}.Debug|Any CPU.ActiveCfg = Debug|Any CPU
		{6AF55D86-2F71-415D-BBE4-CBCBB4B9F608}.Debug|Any CPU.Build.0 = Debug|Any CPU
		{6AF55D86-2F71-415D-BBE4-CBCBB4B9F608}.Release|Any CPU.ActiveCfg = Release|Any CPU
		{6AF55D86-2F71-415D-BBE4-CBCBB4B9F608}.Release|Any CPU.Build.0 = Release|Any CPU
		{FD751F95-F592-49D1-8DC9-A09CA8C35FBF}.Debug|Any CPU.ActiveCfg = Debug|Any CPU
		{FD751F95-F592-49D1-8DC9-A09CA8C35FBF}.Debug|Any CPU.Build.0 = Debug|Any CPU
		{FD751F95-F592-49D1-8DC9-A09CA8C35FBF}.Release|Any CPU.ActiveCfg = Release|Any CPU
		{FD751F95-F592-49D1-8DC9-A09CA8C35FBF}.Release|Any CPU.Build.0 = Release|Any CPU
		{8C4BC02D-F102-41F9-9C30-C9E00C44AA1D}.Debug|Any CPU.ActiveCfg = Debug|Any CPU
		{8C4BC02D-F102-41F9-9C30-C9E00C44AA1D}.Debug|Any CPU.Build.0 = Debug|Any CPU
		{8C4BC02D-F102-41F9-9C30-C9E00C44AA1D}.Release|Any CPU.ActiveCfg = Release|Any CPU
		{8C4BC02D-F102-41F9-9C30-C9E00C44AA1D}.Release|Any CPU.Build.0 = Release|Any CPU
		{6FD2EBCF-8076-4370-A1BD-398509E528D0}.Debug|Any CPU.ActiveCfg = Debug|Any CPU
		{6FD2EBCF-8076-4370-A1BD-398509E528D0}.Debug|Any CPU.Build.0 = Debug|Any CPU
		{6FD2EBCF-8076-4370-A1BD-398509E528D0}.Release|Any CPU.ActiveCfg = Release|Any CPU
		{6FD2EBCF-8076-4370-A1BD-398509E528D0}.Release|Any CPU.Build.0 = Release|Any CPU
		{33351FDE-982B-45D6-863B-35E90EA8EA7B}.Debug|Any CPU.ActiveCfg = Debug|Any CPU
		{33351FDE-982B-45D6-863B-35E90EA8EA7B}.Debug|Any CPU.Build.0 = Debug|Any CPU
		{33351FDE-982B-45D6-863B-35E90EA8EA7B}.Release|Any CPU.ActiveCfg = Release|Any CPU
		{33351FDE-982B-45D6-863B-35E90EA8EA7B}.Release|Any CPU.Build.0 = Release|Any CPU
		{8276CA16-FFD8-4450-9719-FAE8EBEE4DEE}.Debug|Any CPU.ActiveCfg = Debug|Any CPU
		{8276CA16-FFD8-4450-9719-FAE8EBEE4DEE}.Debug|Any CPU.Build.0 = Debug|Any CPU
		{8276CA16-FFD8-4450-9719-FAE8EBEE4DEE}.Release|Any CPU.ActiveCfg = Release|Any CPU
		{8276CA16-FFD8-4450-9719-FAE8EBEE4DEE}.Release|Any CPU.Build.0 = Release|Any CPU
		{778DD966-B705-4EBF-B00E-B8DAC480DA04}.Debug|Any CPU.ActiveCfg = Debug|Any CPU
		{778DD966-B705-4EBF-B00E-B8DAC480DA04}.Debug|Any CPU.Build.0 = Debug|Any CPU
		{778DD966-B705-4EBF-B00E-B8DAC480DA04}.Release|Any CPU.ActiveCfg = Release|Any CPU
		{778DD966-B705-4EBF-B00E-B8DAC480DA04}.Release|Any CPU.Build.0 = Release|Any CPU
		{184667CD-5E84-497E-92B0-4C30D1D2AD3A}.Debug|Any CPU.ActiveCfg = Debug|Any CPU
		{184667CD-5E84-497E-92B0-4C30D1D2AD3A}.Debug|Any CPU.Build.0 = Debug|Any CPU
		{184667CD-5E84-497E-92B0-4C30D1D2AD3A}.Release|Any CPU.ActiveCfg = Release|Any CPU
		{184667CD-5E84-497E-92B0-4C30D1D2AD3A}.Release|Any CPU.Build.0 = Release|Any CPU
		{98336144-154D-4ECC-85C0-3776468368E5}.Debug|Any CPU.ActiveCfg = Debug|Any CPU
		{98336144-154D-4ECC-85C0-3776468368E5}.Debug|Any CPU.Build.0 = Debug|Any CPU
		{98336144-154D-4ECC-85C0-3776468368E5}.Release|Any CPU.ActiveCfg = Release|Any CPU
		{98336144-154D-4ECC-85C0-3776468368E5}.Release|Any CPU.Build.0 = Release|Any CPU
		{DFE4BF64-9E83-4087-9AD9-0AB74DFFC67A}.Debug|Any CPU.ActiveCfg = Debug|Any CPU
		{DFE4BF64-9E83-4087-9AD9-0AB74DFFC67A}.Debug|Any CPU.Build.0 = Debug|Any CPU
		{DFE4BF64-9E83-4087-9AD9-0AB74DFFC67A}.Release|Any CPU.ActiveCfg = Release|Any CPU
		{DFE4BF64-9E83-4087-9AD9-0AB74DFFC67A}.Release|Any CPU.Build.0 = Release|Any CPU
		{68DC6222-7348-41FD-A29D-84AAAD2F361B}.Debug|Any CPU.ActiveCfg = Debug|Any CPU
		{68DC6222-7348-41FD-A29D-84AAAD2F361B}.Debug|Any CPU.Build.0 = Debug|Any CPU
		{68DC6222-7348-41FD-A29D-84AAAD2F361B}.Release|Any CPU.ActiveCfg = Release|Any CPU
		{68DC6222-7348-41FD-A29D-84AAAD2F361B}.Release|Any CPU.Build.0 = Release|Any CPU
		{D36A692A-B406-4776-9199-CEC92C5A8625}.Debug|Any CPU.ActiveCfg = Debug|Any CPU
		{D36A692A-B406-4776-9199-CEC92C5A8625}.Debug|Any CPU.Build.0 = Debug|Any CPU
		{D36A692A-B406-4776-9199-CEC92C5A8625}.Release|Any CPU.ActiveCfg = Release|Any CPU
		{D36A692A-B406-4776-9199-CEC92C5A8625}.Release|Any CPU.Build.0 = Release|Any CPU
	EndGlobalSection
	GlobalSection(SolutionProperties) = preSolution
		HideSolutionNode = FALSE
	EndGlobalSection
	GlobalSection(NestedProjects) = preSolution
		{58980CE0-B51A-4CC5-8E64-A5F7794A229F} = {889D9B21-FCBC-4D79-95A0-ACC60AB52CC2}
		{00FE087C-3D4C-483E-B68C-556CD1D2CD81} = {889D9B21-FCBC-4D79-95A0-ACC60AB52CC2}
		{E7726BC5-D552-4B42-9D14-A365E523370D} = {889D9B21-FCBC-4D79-95A0-ACC60AB52CC2}
		{A3F2E4AA-121D-42AD-BFA3-6E2B26717C9C} = {889D9B21-FCBC-4D79-95A0-ACC60AB52CC2}
		{F716AC36-4C24-4966-B43E-78B7C9B5F0B1} = {889D9B21-FCBC-4D79-95A0-ACC60AB52CC2}
		{FCFC2A52-8111-45BF-9BB4-6C960D7353EF} = {889D9B21-FCBC-4D79-95A0-ACC60AB52CC2}
		{A9C1D764-019E-4B53-B3C9-459BCAE98E94} = {889D9B21-FCBC-4D79-95A0-ACC60AB52CC2}
		{E56C3918-F067-48E1-91F5-6B0B993577A3} = {889D9B21-FCBC-4D79-95A0-ACC60AB52CC2}
		{72506341-CF82-4FE6-A1F7-58E619FA04B5} = {889D9B21-FCBC-4D79-95A0-ACC60AB52CC2}
		{90F17470-1951-462E-9889-ADB5B7649AD9} = {889D9B21-FCBC-4D79-95A0-ACC60AB52CC2}
		{968A2A62-B6A5-4501-ACF2-A1C12166BA0C} = {889D9B21-FCBC-4D79-95A0-ACC60AB52CC2}
		{901FA8FA-1E80-477A-A52A-F202F8979FD1} = {889D9B21-FCBC-4D79-95A0-ACC60AB52CC2}
		{9C6E9766-71B2-4131-AFB1-FED2DB04125F} = {889D9B21-FCBC-4D79-95A0-ACC60AB52CC2}
		{FD5C471E-1B23-43FE-8596-7EE05371C492} = {889D9B21-FCBC-4D79-95A0-ACC60AB52CC2}
		{82903ADD-62FD-46EB-8790-43B59F3C6E93} = {889D9B21-FCBC-4D79-95A0-ACC60AB52CC2}
		{A995C034-E6FC-4C01-ABA6-4EF664333E38} = {889D9B21-FCBC-4D79-95A0-ACC60AB52CC2}
		{FD751F95-F592-49D1-8DC9-A09CA8C35FBF} = {889D9B21-FCBC-4D79-95A0-ACC60AB52CC2}
		{6FD2EBCF-8076-4370-A1BD-398509E528D0} = {889D9B21-FCBC-4D79-95A0-ACC60AB52CC2}
		{8276CA16-FFD8-4450-9719-FAE8EBEE4DEE} = {889D9B21-FCBC-4D79-95A0-ACC60AB52CC2}
		{184667CD-5E84-497E-92B0-4C30D1D2AD3A} = {889D9B21-FCBC-4D79-95A0-ACC60AB52CC2}
		{DFE4BF64-9E83-4087-9AD9-0AB74DFFC67A} = {889D9B21-FCBC-4D79-95A0-ACC60AB52CC2}
		{D36A692A-B406-4776-9199-CEC92C5A8625} = {889D9B21-FCBC-4D79-95A0-ACC60AB52CC2}
	EndGlobalSection
	GlobalSection(ExtensibilityGlobals) = postSolution
		SolutionGuid = {D5CBC21B-4FF1-4159-831E-371746EC1CD3}
	EndGlobalSection
EndGlobal
