
Microsoft Visual Studio Solution File, Format Version 12.00
# Visual Studio Version 16
VisualStudioVersion = 16.0.31410.357
MinimumVisualStudioVersion = 10.0.40219.1
Project("{9A19103F-16F7-4668-BE54-9A1E7A4F7556}") = "6-Solution", "6-Solution\6-Solution.csproj", "{B4F1E9BA-79DE-43C1-AD6F-F052321683D1}"
EndProject
Project("{9A19103F-16F7-4668-BE54-9A1E7A4F7556}") = "LeetCode-7", "LeetCode-7\LeetCode-7.csproj", "{B5DED05C-7F53-4418-9939-C7EF8C393DBF}"
EndProject
Project("{FAE04EC0-301F-11D3-BF4B-00C04F79EFBC}") = "LeetCode-8", "LeetCode-8\LeetCode-8.csproj", "{11273B62-52B9-464E-AA07-6A52C289397C}"
EndProject
Global
	GlobalSection(SolutionConfigurationPlatforms) = preSolution
		Debug|Any CPU = Debug|Any CPU
		Release|Any CPU = Release|Any CPU
	EndGlobalSection
	GlobalSection(ProjectConfigurationPlatforms) = postSolution
		{B4F1E9BA-79DE-43C1-AD6F-F052321683D1}.Debug|Any CPU.ActiveCfg = Debug|Any CPU
		{B4F1E9BA-79DE-43C1-AD6F-F052321683D1}.Debug|Any CPU.Build.0 = Debug|Any CPU
		{B4F1E9BA-79DE-43C1-AD6F-F052321683D1}.Release|Any CPU.ActiveCfg = Release|Any CPU
		{B4F1E9BA-79DE-43C1-AD6F-F052321683D1}.Release|Any CPU.Build.0 = Release|Any CPU
		{B5DED05C-7F53-4418-9939-C7EF8C393DBF}.Debug|Any CPU.ActiveCfg = Debug|Any CPU
		{B5DED05C-7F53-4418-9939-C7EF8C393DBF}.Debug|Any CPU.Build.0 = Debug|Any CPU
		{B5DED05C-7F53-4418-9939-C7EF8C393DBF}.Release|Any CPU.ActiveCfg = Release|Any CPU
		{B5DED05C-7F53-4418-9939-C7EF8C393DBF}.Release|Any CPU.Build.0 = Release|Any CPU
		{11273B62-52B9-464E-AA07-6A52C289397C}.Debug|Any CPU.ActiveCfg = Debug|Any CPU
		{11273B62-52B9-464E-AA07-6A52C289397C}.Debug|Any CPU.Build.0 = Debug|Any CPU
		{11273B62-52B9-464E-AA07-6A52C289397C}.Release|Any CPU.ActiveCfg = Release|Any CPU
		{11273B62-52B9-464E-AA07-6A52C289397C}.Release|Any CPU.Build.0 = Release|Any CPU
	EndGlobalSection
	GlobalSection(SolutionProperties) = preSolution
		HideSolutionNode = FALSE
	EndGlobalSection
	GlobalSection(ExtensibilityGlobals) = postSolution
		SolutionGuid = {D5CBC21B-4FF1-4159-831E-371746EC1CD3}
	EndGlobalSection
EndGlobal
