
Microsoft Visual Studio Solution File, Format Version 12.00
# Visual Studio Version 16
VisualStudioVersion = 16.0.31410.357
MinimumVisualStudioVersion = 10.0.40219.1
Project("{9A19103F-16F7-4668-BE54-9A1E7A4F7556}") = "6-Solution", "6-Solution\6-Solution.csproj", "{B4F1E9BA-79DE-43C1-AD6F-F052321683D1}"
EndProject
Project("{9A19103F-16F7-4668-BE54-9A1E7A4F7556}") = "LeetCode-7", "LeetCode-7\LeetCode-7.csproj", "{B5DED05C-7F53-4418-9939-C7EF8C393DBF}"
EndProject
Project("{9A19103F-16F7-4668-BE54-9A1E7A4F7556}") = "LeetCode-8", "LeetCode-8\LeetCode-8.csproj", "{11273B62-52B9-464E-AA07-6A52C289397C}"
EndProject
Project("{FAE04EC0-301F-11D3-BF4B-00C04F79EFBC}") = "LeetCode-9", "LeetCode-9\LeetCode-9.csproj", "{7CC3B455-8C33-46EE-B566-B199121BA8CC}"
EndProject
Project("{2150E333-8FDC-42A3-9474-1A3956D46DE8}") = "Test", "Test", "{889D9B21-FCBC-4D79-95A0-ACC60AB52CC2}"
EndProject
Project("{FAE04EC0-301F-11D3-BF4B-00C04F79EFBC}") = "LeetCode-9-Test", "LeetCode-9-Test\LeetCode-9-Test.csproj", "{58980CE0-B51A-4CC5-8E64-A5F7794A229F}"
EndProject
Project("{FAE04EC0-301F-11D3-BF4B-00C04F79EFBC}") = "LeetCode-10", "LeetCode-10\LeetCode-10.csproj", "{2B573C76-8289-47C3-B10E-AA75DECC03B8}"
EndProject
Project("{FAE04EC0-301F-11D3-BF4B-00C04F79EFBC}") = "LeetCode-10-Test", "LeetCode-10-Test\LeetCode-10-Test.csproj", "{00FE087C-3D4C-483E-B68C-556CD1D2CD81}"
EndProject
Global
	GlobalSection(SolutionConfigurationPlatforms) = preSolution
		Debug|Any CPU = Debug|Any CPU
		Release|Any CPU = Release|Any CPU
	EndGlobalSection
	GlobalSection(ProjectConfigurationPlatforms) = postSolution
		{B4F1E9BA-79DE-43C1-AD6F-F052321683D1}.Debug|Any CPU.ActiveCfg = Debug|Any CPU
		{B4F1E9BA-79DE-43C1-AD6F-F052321683D1}.Debug|Any CPU.Build.0 = Debug|Any CPU
		{B4F1E9BA-79DE-43C1-AD6F-F052321683D1}.Release|Any CPU.ActiveCfg = Release|Any CPU
		{B4F1E9BA-79DE-43C1-AD6F-F052321683D1}.Release|Any CPU.Build.0 = Release|Any CPU
		{B5DED05C-7F53-4418-9939-C7EF8C393DBF}.Debug|Any CPU.ActiveCfg = Debug|Any CPU
		{B5DED05C-7F53-4418-9939-C7EF8C393DBF}.Debug|Any CPU.Build.0 = Debug|Any CPU
		{B5DED05C-7F53-4418-9939-C7EF8C393DBF}.Release|Any CPU.ActiveCfg = Release|Any CPU
		{B5DED05C-7F53-4418-9939-C7EF8C393DBF}.Release|Any CPU.Build.0 = Release|Any CPU
		{11273B62-52B9-464E-AA07-6A52C289397C}.Debug|Any CPU.ActiveCfg = Debug|Any CPU
		{11273B62-52B9-464E-AA07-6A52C289397C}.Debug|Any CPU.Build.0 = Debug|Any CPU
		{11273B62-52B9-464E-AA07-6A52C289397C}.Release|Any CPU.ActiveCfg = Release|Any CPU
		{11273B62-52B9-464E-AA07-6A52C289397C}.Release|Any CPU.Build.0 = Release|Any CPU
		{7CC3B455-8C33-46EE-B566-B199121BA8CC}.Debug|Any CPU.ActiveCfg = Debug|Any CPU
		{7CC3B455-8C33-46EE-B566-B199121BA8CC}.Debug|Any CPU.Build.0 = Debug|Any CPU
		{7CC3B455-8C33-46EE-B566-B199121BA8CC}.Release|Any CPU.ActiveCfg = Release|Any CPU
		{7CC3B455-8C33-46EE-B566-B199121BA8CC}.Release|Any CPU.Build.0 = Release|Any CPU
		{58980CE0-B51A-4CC5-8E64-A5F7794A229F}.Debug|Any CPU.ActiveCfg = Debug|Any CPU
		{58980CE0-B51A-4CC5-8E64-A5F7794A229F}.Debug|Any CPU.Build.0 = Debug|Any CPU
		{58980CE0-B51A-4CC5-8E64-A5F7794A229F}.Release|Any CPU.ActiveCfg = Release|Any CPU
		{58980CE0-B51A-4CC5-8E64-A5F7794A229F}.Release|Any CPU.Build.0 = Release|Any CPU
		{2B573C76-8289-47C3-B10E-AA75DECC03B8}.Debug|Any CPU.ActiveCfg = Debug|Any CPU
		{2B573C76-8289-47C3-B10E-AA75DECC03B8}.Debug|Any CPU.Build.0 = Debug|Any CPU
		{2B573C76-8289-47C3-B10E-AA75DECC03B8}.Release|Any CPU.ActiveCfg = Release|Any CPU
		{2B573C76-8289-47C3-B10E-AA75DECC03B8}.Release|Any CPU.Build.0 = Release|Any CPU
		{00FE087C-3D4C-483E-B68C-556CD1D2CD81}.Debug|Any CPU.ActiveCfg = Debug|Any CPU
		{00FE087C-3D4C-483E-B68C-556CD1D2CD81}.Debug|Any CPU.Build.0 = Debug|Any CPU
		{00FE087C-3D4C-483E-B68C-556CD1D2CD81}.Release|Any CPU.ActiveCfg = Release|Any CPU
		{00FE087C-3D4C-483E-B68C-556CD1D2CD81}.Release|Any CPU.Build.0 = Release|Any CPU
	EndGlobalSection
	GlobalSection(SolutionProperties) = preSolution
		HideSolutionNode = FALSE
	EndGlobalSection
	GlobalSection(NestedProjects) = preSolution
		{58980CE0-B51A-4CC5-8E64-A5F7794A229F} = {889D9B21-FCBC-4D79-95A0-ACC60AB52CC2}
		{00FE087C-3D4C-483E-B68C-556CD1D2CD81} = {889D9B21-FCBC-4D79-95A0-ACC60AB52CC2}
	EndGlobalSection
	GlobalSection(ExtensibilityGlobals) = postSolution
		SolutionGuid = {D5CBC21B-4FF1-4159-831E-371746EC1CD3}
	EndGlobalSection
EndGlobal
